
Microsoft Visual Studio Solution File, Format Version 12.00
Project("{FAE04EC0-301F-11D3-BF4B-00C04F79EFBC}") = "MspaintRemote", "MspaintRemote\MspaintRemote.csproj", "{C991DA7A-AC12-43B0-AB59-CA8C5CDB07AD}"
EndProject
Project("{FAE04EC0-301F-11D3-BF4B-00C04F79EFBC}") = "PaintBadApple", "PaintBadApple\PaintBadApple.csproj", "{03087331-A6D2-43DB-9FBE-5B12792F3064}"
EndProject
Global
	GlobalSection(SolutionConfigurationPlatforms) = preSolution
		Debug|Any CPU = Debug|Any CPU
		Release|Any CPU = Release|Any CPU
	EndGlobalSection
	GlobalSection(ProjectConfigurationPlatforms) = postSolution
		{C991DA7A-AC12-43B0-AB59-CA8C5CDB07AD}.Debug|Any CPU.ActiveCfg = Debug|Any CPU
		{C991DA7A-AC12-43B0-AB59-CA8C5CDB07AD}.Debug|Any CPU.Build.0 = Debug|Any CPU
		{C991DA7A-AC12-43B0-AB59-CA8C5CDB07AD}.Release|Any CPU.ActiveCfg = Release|Any CPU
		{C991DA7A-AC12-43B0-AB59-CA8C5CDB07AD}.Release|Any CPU.Build.0 = Release|Any CPU
		{03087331-A6D2-43DB-9FBE-5B12792F3064}.Debug|Any CPU.ActiveCfg = Debug|Any CPU
		{03087331-A6D2-43DB-9FBE-5B12792F3064}.Debug|Any CPU.Build.0 = Debug|Any CPU
		{03087331-A6D2-43DB-9FBE-5B12792F3064}.Release|Any CPU.ActiveCfg = Release|Any CPU
		{03087331-A6D2-43DB-9FBE-5B12792F3064}.Release|Any CPU.Build.0 = Release|Any CPU
	EndGlobalSection
EndGlobal
